// !$*UTF8*$!
{
	archiveVersion = 1;
	classes = {
	};
	objectVersion = 46;
	objects = {

/* Begin PBXBuildFile section */
		421573873285D6EBF4BEF292 /* Pods_IBAnimatable_CocoaPods.framework in Frameworks */ = {isa = PBXBuildFile; fileRef = FAA17F85B63CEAFB1F627266 /* Pods_IBAnimatable_CocoaPods.framework */; };
		AE148F451C9EBDA100E8126F /* AppDelegate.swift in Sources */ = {isa = PBXBuildFile; fileRef = AE148F441C9EBDA100E8126F /* AppDelegate.swift */; };
		AE148F471C9EBDA100E8126F /* ViewController.swift in Sources */ = {isa = PBXBuildFile; fileRef = AE148F461C9EBDA100E8126F /* ViewController.swift */; };
		AE148F4A1C9EBDA100E8126F /* Main.storyboard in Resources */ = {isa = PBXBuildFile; fileRef = AE148F481C9EBDA100E8126F /* Main.storyboard */; };
		AE148F4C1C9EBDA100E8126F /* Assets.xcassets in Resources */ = {isa = PBXBuildFile; fileRef = AE148F4B1C9EBDA100E8126F /* Assets.xcassets */; };
		AE148F4F1C9EBDA100E8126F /* LaunchScreen.storyboard in Resources */ = {isa = PBXBuildFile; fileRef = AE148F4D1C9EBDA100E8126F /* LaunchScreen.storyboard */; };
/* End PBXBuildFile section */

/* Begin PBXFileReference section */
		5934F2D409A3D987EEE96208 /* Pods-IBAnimatable-CocoaPods.release.xcconfig */ = {isa = PBXFileReference; includeInIndex = 1; lastKnownFileType = text.xcconfig; name = "Pods-IBAnimatable-CocoaPods.release.xcconfig"; path = "Pods/Target Support Files/Pods-IBAnimatable-CocoaPods/Pods-IBAnimatable-CocoaPods.release.xcconfig"; sourceTree = "<group>"; };
		772CEA4C5E8572E3B01FAF0B /* Pods.framework */ = {isa = PBXFileReference; explicitFileType = wrapper.framework; includeInIndex = 0; path = Pods.framework; sourceTree = BUILT_PRODUCTS_DIR; };
		AE148F411C9EBDA100E8126F /* IBAnimatable-CocoaPods.app */ = {isa = PBXFileReference; explicitFileType = wrapper.application; includeInIndex = 0; path = "IBAnimatable-CocoaPods.app"; sourceTree = BUILT_PRODUCTS_DIR; };
		AE148F441C9EBDA100E8126F /* AppDelegate.swift */ = {isa = PBXFileReference; lastKnownFileType = sourcecode.swift; path = AppDelegate.swift; sourceTree = "<group>"; };
		AE148F461C9EBDA100E8126F /* ViewController.swift */ = {isa = PBXFileReference; lastKnownFileType = sourcecode.swift; path = ViewController.swift; sourceTree = "<group>"; };
		AE148F491C9EBDA100E8126F /* Base */ = {isa = PBXFileReference; lastKnownFileType = file.storyboard; name = Base; path = Base.lproj/Main.storyboard; sourceTree = "<group>"; };
		AE148F4B1C9EBDA100E8126F /* Assets.xcassets */ = {isa = PBXFileReference; lastKnownFileType = folder.assetcatalog; path = Assets.xcassets; sourceTree = "<group>"; };
		AE148F4E1C9EBDA100E8126F /* Base */ = {isa = PBXFileReference; lastKnownFileType = file.storyboard; name = Base; path = Base.lproj/LaunchScreen.storyboard; sourceTree = "<group>"; };
		AE148F501C9EBDA100E8126F /* Info.plist */ = {isa = PBXFileReference; lastKnownFileType = text.plist.xml; path = Info.plist; sourceTree = "<group>"; };
		C877BFCC7F93016DD4545006 /* Pods-IBAnimatable-CocoaPods.debug.xcconfig */ = {isa = PBXFileReference; includeInIndex = 1; lastKnownFileType = text.xcconfig; name = "Pods-IBAnimatable-CocoaPods.debug.xcconfig"; path = "Pods/Target Support Files/Pods-IBAnimatable-CocoaPods/Pods-IBAnimatable-CocoaPods.debug.xcconfig"; sourceTree = "<group>"; };
		FAA17F85B63CEAFB1F627266 /* Pods_IBAnimatable_CocoaPods.framework */ = {isa = PBXFileReference; explicitFileType = wrapper.framework; includeInIndex = 0; path = Pods_IBAnimatable_CocoaPods.framework; sourceTree = BUILT_PRODUCTS_DIR; };
/* End PBXFileReference section */

/* Begin PBXFrameworksBuildPhase section */
		AE148F3E1C9EBDA100E8126F /* Frameworks */ = {
			isa = PBXFrameworksBuildPhase;
			buildActionMask = 2147483647;
			files = (
				421573873285D6EBF4BEF292 /* Pods_IBAnimatable_CocoaPods.framework in Frameworks */,
			);
			runOnlyForDeploymentPostprocessing = 0;
		};
/* End PBXFrameworksBuildPhase section */

/* Begin PBXGroup section */
		143AD1CECB4F6EF8A28AE3F2 /* Pods */ = {
			isa = PBXGroup;
			children = (
				C877BFCC7F93016DD4545006 /* Pods-IBAnimatable-CocoaPods.debug.xcconfig */,
				5934F2D409A3D987EEE96208 /* Pods-IBAnimatable-CocoaPods.release.xcconfig */,
			);
			name = Pods;
			sourceTree = "<group>";
		};
		AB5AF2D7AF522484E11E6561 /* Frameworks */ = {
			isa = PBXGroup;
			children = (
				772CEA4C5E8572E3B01FAF0B /* Pods.framework */,
				FAA17F85B63CEAFB1F627266 /* Pods_IBAnimatable_CocoaPods.framework */,
			);
			name = Frameworks;
			sourceTree = "<group>";
		};
		AE148F381C9EBDA100E8126F = {
			isa = PBXGroup;
			children = (
				AE148F431C9EBDA100E8126F /* IBAnimatable-CocoaPods */,
				AE148F421C9EBDA100E8126F /* Products */,
				AB5AF2D7AF522484E11E6561 /* Frameworks */,
				143AD1CECB4F6EF8A28AE3F2 /* Pods */,
			);
			sourceTree = "<group>";
		};
		AE148F421C9EBDA100E8126F /* Products */ = {
			isa = PBXGroup;
			children = (
				AE148F411C9EBDA100E8126F /* IBAnimatable-CocoaPods.app */,
			);
			name = Products;
			sourceTree = "<group>";
		};
		AE148F431C9EBDA100E8126F /* IBAnimatable-CocoaPods */ = {
			isa = PBXGroup;
			children = (
				AE148F441C9EBDA100E8126F /* AppDelegate.swift */,
				AE148F461C9EBDA100E8126F /* ViewController.swift */,
				AE148F481C9EBDA100E8126F /* Main.storyboard */,
				AE148F4B1C9EBDA100E8126F /* Assets.xcassets */,
				AE148F4D1C9EBDA100E8126F /* LaunchScreen.storyboard */,
				AE148F501C9EBDA100E8126F /* Info.plist */,
			);
			path = "IBAnimatable-CocoaPods";
			sourceTree = "<group>";
		};
/* End PBXGroup section */

/* Begin PBXNativeTarget section */
		AE148F401C9EBDA100E8126F /* IBAnimatable-CocoaPods */ = {
			isa = PBXNativeTarget;
			buildConfigurationList = AE148F531C9EBDA100E8126F /* Build configuration list for PBXNativeTarget "IBAnimatable-CocoaPods" */;
			buildPhases = (
				25629E19ABDBB8E685058C93 /* [CP] Check Pods Manifest.lock */,
				AE148F3D1C9EBDA100E8126F /* Sources */,
				AE148F3E1C9EBDA100E8126F /* Frameworks */,
				AE148F3F1C9EBDA100E8126F /* Resources */,
				BEC8CCF9193B75D000A1F934 /* [CP] Embed Pods Frameworks */,
				56ED81923E1EAAD6D8CD9BC5 /* [CP] Copy Pods Resources */,
			);
			buildRules = (
			);
			dependencies = (
			);
			name = "IBAnimatable-CocoaPods";
			productName = "IBAnimatable-CocoaPods";
			productReference = AE148F411C9EBDA100E8126F /* IBAnimatable-CocoaPods.app */;
			productType = "com.apple.product-type.application";
		};
/* End PBXNativeTarget section */

/* Begin PBXProject section */
		AE148F391C9EBDA100E8126F /* Project object */ = {
			isa = PBXProject;
			attributes = {
				LastSwiftUpdateCheck = 0720;
				LastUpgradeCheck = 0720;
				ORGANIZATIONNAME = "Jake Lin";
				TargetAttributes = {
					AE148F401C9EBDA100E8126F = {
						CreatedOnToolsVersion = 7.2.1;
					};
				};
			};
			buildConfigurationList = AE148F3C1C9EBDA100E8126F /* Build configuration list for PBXProject "IBAnimatable-CocoaPods" */;
			compatibilityVersion = "Xcode 3.2";
			developmentRegion = English;
			hasScannedForEncodings = 0;
			knownRegions = (
				en,
				Base,
			);
			mainGroup = AE148F381C9EBDA100E8126F;
			productRefGroup = AE148F421C9EBDA100E8126F /* Products */;
			projectDirPath = "";
			projectRoot = "";
			targets = (
				AE148F401C9EBDA100E8126F /* IBAnimatable-CocoaPods */,
			);
		};
/* End PBXProject section */

/* Begin PBXResourcesBuildPhase section */
		AE148F3F1C9EBDA100E8126F /* Resources */ = {
			isa = PBXResourcesBuildPhase;
			buildActionMask = 2147483647;
			files = (
				AE148F4F1C9EBDA100E8126F /* LaunchScreen.storyboard in Resources */,
				AE148F4C1C9EBDA100E8126F /* Assets.xcassets in Resources */,
				AE148F4A1C9EBDA100E8126F /* Main.storyboard in Resources */,
			);
			runOnlyForDeploymentPostprocessing = 0;
		};
/* End PBXResourcesBuildPhase section */

/* Begin PBXShellScriptBuildPhase section */
		25629E19ABDBB8E685058C93 /* [CP] Check Pods Manifest.lock */ = {
			isa = PBXShellScriptBuildPhase;
			buildActionMask = 2147483647;
			files = (
			);
			inputPaths = (
			);
			name = "[CP] Check Pods Manifest.lock";
			outputPaths = (
			);
			runOnlyForDeploymentPostprocessing = 0;
			shellPath = /bin/sh;
			shellScript = "diff \"${PODS_ROOT}/../Podfile.lock\" \"${PODS_ROOT}/Manifest.lock\" > /dev/null\nif [[ $? != 0 ]] ; then\n    cat << EOM\nerror: The sandbox is not in sync with the Podfile.lock. Run 'pod install' or update your CocoaPods installation.\nEOM\n    exit 1\nfi\n";
			showEnvVarsInLog = 0;
		};
		56ED81923E1EAAD6D8CD9BC5 /* [CP] Copy Pods Resources */ = {
			isa = PBXShellScriptBuildPhase;
			buildActionMask = 2147483647;
			files = (
			);
			inputPaths = (
			);
			name = "[CP] Copy Pods Resources";
			outputPaths = (
			);
			runOnlyForDeploymentPostprocessing = 0;
			shellPath = /bin/sh;
			shellScript = "\"${SRCROOT}/Pods/Target Support Files/Pods-IBAnimatable-CocoaPods/Pods-IBAnimatable-CocoaPods-resources.sh\"\n";
			showEnvVarsInLog = 0;
		};
		BEC8CCF9193B75D000A1F934 /* [CP] Embed Pods Frameworks */ = {
			isa = PBXShellScriptBuildPhase;
			buildActionMask = 2147483647;
			files = (
			);
			inputPaths = (
			);
			name = "[CP] Embed Pods Frameworks";
			outputPaths = (
			);
			runOnlyForDeploymentPostprocessing = 0;
			shellPath = /bin/sh;
			shellScript = "\"${SRCROOT}/Pods/Target Support Files/Pods-IBAnimatable-CocoaPods/Pods-IBAnimatable-CocoaPods-frameworks.sh\"\n";
			showEnvVarsInLog = 0;
		};
/* End PBXShellScriptBuildPhase section */

/* Begin PBXSourcesBuildPhase section */
		AE148F3D1C9EBDA100E8126F /* Sources */ = {
			isa = PBXSourcesBuildPhase;
			buildActionMask = 2147483647;
			files = (
				AE148F471C9EBDA100E8126F /* ViewController.swift in Sources */,
				AE148F451C9EBDA100E8126F /* AppDelegate.swift in Sources */,
			);
			runOnlyForDeploymentPostprocessing = 0;
		};
/* End PBXSourcesBuildPhase section */

/* Begin PBXVariantGroup section */
		AE148F481C9EBDA100E8126F /* Main.storyboard */ = {
			isa = PBXVariantGroup;
			children = (
				AE148F491C9EBDA100E8126F /* Base */,
			);
			name = Main.storyboard;
			sourceTree = "<group>";
		};
		AE148F4D1C9EBDA100E8126F /* LaunchScreen.storyboard */ = {
			isa = PBXVariantGroup;
			children = (
				AE148F4E1C9EBDA100E8126F /* Base */,
			);
			name = LaunchScreen.storyboard;
			sourceTree = "<group>";
		};
/* End PBXVariantGroup section */

/* Begin XCBuildConfiguration section */
		AE148F511C9EBDA100E8126F /* Debug */ = {
			isa = XCBuildConfiguration;
			buildSettings = {
				ALWAYS_SEARCH_USER_PATHS = NO;
				CLANG_CXX_LANGUAGE_STANDARD = "gnu++0x";
				CLANG_CXX_LIBRARY = "libc++";
				CLANG_ENABLE_MODULES = YES;
				CLANG_ENABLE_OBJC_ARC = YES;
				CLANG_WARN_BOOL_CONVERSION = YES;
				CLANG_WARN_CONSTANT_CONVERSION = YES;
				CLANG_WARN_DIRECT_OBJC_ISA_USAGE = YES_ERROR;
				CLANG_WARN_EMPTY_BODY = YES;
				CLANG_WARN_ENUM_CONVERSION = YES;
				CLANG_WARN_INT_CONVERSION = YES;
				CLANG_WARN_OBJC_ROOT_CLASS = YES_ERROR;
				CLANG_WARN_UNREACHABLE_CODE = YES;
				CLANG_WARN__DUPLICATE_METHOD_MATCH = YES;
				"CODE_SIGN_IDENTITY[sdk=iphoneos*]" = "iPhone Developer";
				COPY_PHASE_STRIP = NO;
				DEBUG_INFORMATION_FORMAT = dwarf;
				ENABLE_STRICT_OBJC_MSGSEND = YES;
				ENABLE_TESTABILITY = YES;
				GCC_C_LANGUAGE_STANDARD = gnu99;
				GCC_DYNAMIC_NO_PIC = NO;
				GCC_NO_COMMON_BLOCKS = YES;
				GCC_OPTIMIZATION_LEVEL = 0;
				GCC_PREPROCESSOR_DEFINITIONS = (
					"DEBUG=1",
					"$(inherited)",
				);
				GCC_WARN_64_TO_32_BIT_CONVERSION = YES;
				GCC_WARN_ABOUT_RETURN_TYPE = YES_ERROR;
				GCC_WARN_UNDECLARED_SELECTOR = YES;
				GCC_WARN_UNINITIALIZED_AUTOS = YES_AGGRESSIVE;
				GCC_WARN_UNUSED_FUNCTION = YES;
				GCC_WARN_UNUSED_VARIABLE = YES;
				IPHONEOS_DEPLOYMENT_TARGET = 9.2;
				MTL_ENABLE_DEBUG_INFO = YES;
				ONLY_ACTIVE_ARCH = YES;
				SDKROOT = iphoneos;
				SWIFT_OPTIMIZATION_LEVEL = "-Onone";
			};
			name = Debug;
		};
		AE148F521C9EBDA100E8126F /* Release */ = {
			isa = XCBuildConfiguration;
			buildSettings = {
				ALWAYS_SEARCH_USER_PATHS = NO;
				CLANG_CXX_LANGUAGE_STANDARD = "gnu++0x";
				CLANG_CXX_LIBRARY = "libc++";
				CLANG_ENABLE_MODULES = YES;
				CLANG_ENABLE_OBJC_ARC = YES;
				CLANG_WARN_BOOL_CONVERSION = YES;
				CLANG_WARN_CONSTANT_CONVERSION = YES;
				CLANG_WARN_DIRECT_OBJC_ISA_USAGE = YES_ERROR;
				CLANG_WARN_EMPTY_BODY = YES;
				CLANG_WARN_ENUM_CONVERSION = YES;
				CLANG_WARN_INT_CONVERSION = YES;
				CLANG_WARN_OBJC_ROOT_CLASS = YES_ERROR;
				CLANG_WARN_UNREACHABLE_CODE = YES;
				CLANG_WARN__DUPLICATE_METHOD_MATCH = YES;
				"CODE_SIGN_IDENTITY[sdk=iphoneos*]" = "iPhone Developer";
				COPY_PHASE_STRIP = NO;
				DEBUG_INFORMATION_FORMAT = "dwarf-with-dsym";
				ENABLE_NS_ASSERTIONS = NO;
				ENABLE_STRICT_OBJC_MSGSEND = YES;
				GCC_C_LANGUAGE_STANDARD = gnu99;
				GCC_NO_COMMON_BLOCKS = YES;
				GCC_WARN_64_TO_32_BIT_CONVERSION = YES;
				GCC_WARN_ABOUT_RETURN_TYPE = YES_ERROR;
				GCC_WARN_UNDECLARED_SELECTOR = YES;
				GCC_WARN_UNINITIALIZED_AUTOS = YES_AGGRESSIVE;
				GCC_WARN_UNUSED_FUNCTION = YES;
				GCC_WARN_UNUSED_VARIABLE = YES;
				IPHONEOS_DEPLOYMENT_TARGET = 9.2;
				MTL_ENABLE_DEBUG_INFO = NO;
				SDKROOT = iphoneos;
				VALIDATE_PRODUCT = YES;
			};
			name = Release;
		};
		AE148F541C9EBDA100E8126F /* Debug */ = {
			isa = XCBuildConfiguration;
			baseConfigurationReference = C877BFCC7F93016DD4545006 /* Pods-IBAnimatable-CocoaPods.debug.xcconfig */;
			buildSettings = {
				ASSETCATALOG_COMPILER_APPICON_NAME = AppIcon;
				INFOPLIST_FILE = "IBAnimatable-CocoaPods/Info.plist";
				LD_RUNPATH_SEARCH_PATHS = "$(inherited) @executable_path/Frameworks";
				PRODUCT_BUNDLE_IDENTIFIER = "Jake-Lin.IBAnimatable-CocoaPods";
				PRODUCT_NAME = "$(TARGET_NAME)";
			};
			name = Debug;
		};
		AE148F551C9EBDA100E8126F /* Release */ = {
			isa = XCBuildConfiguration;
			baseConfigurationReference = 5934F2D409A3D987EEE96208 /* Pods-IBAnimatable-CocoaPods.release.xcconfig */;
			buildSettings = {
				ASSETCATALOG_COMPILER_APPICON_NAME = AppIcon;
				INFOPLIST_FILE = "IBAnimatable-CocoaPods/Info.plist";
				LD_RUNPATH_SEARCH_PATHS = "$(inherited) @executable_path/Frameworks";
				PRODUCT_BUNDLE_IDENTIFIER = "Jake-Lin.IBAnimatable-CocoaPods";
				PRODUCT_NAME = "$(TARGET_NAME)";
			};
			name = Release;
		};
/* End XCBuildConfiguration section */

/* Begin XCConfigurationList section */
		AE148F3C1C9EBDA100E8126F /* Build configuration list for PBXProject "IBAnimatable-CocoaPods" */ = {
			isa = XCConfigurationList;
			buildConfigurations = (
				AE148F511C9EBDA100E8126F /* Debug */,
				AE148F521C9EBDA100E8126F /* Release */,
			);
			defaultConfigurationIsVisible = 0;
			defaultConfigurationName = Release;
		};
		AE148F531C9EBDA100E8126F /* Build configuration list for PBXNativeTarget "IBAnimatable-CocoaPods" */ = {
			isa = XCConfigurationList;
			buildConfigurations = (
				AE148F541C9EBDA100E8126F /* Debug */,
				AE148F551C9EBDA100E8126F /* Release */,
			);
			defaultConfigurationIsVisible = 0;
			defaultConfigurationName = Release;
		};
/* End XCConfigurationList section */
	};
	rootObject = AE148F391C9EBDA100E8126F /* Project object */;
}
